
Microsoft Visual Studio Solution File, Format Version 12.00
# Visual Studio Version 16
VisualStudioVersion = 16.0.31624.102
MinimumVisualStudioVersion = 10.0.40219.1
Project("{FAE04EC0-301F-11D3-BF4B-00C04F79EFBC}") = "FirstHomeWork", "FirstHomeWork\FirstHomeWork.csproj", "{6E3E3CE4-508A-40DF-844F-481A618563A7}"
EndProject
Global
	GlobalSection(SolutionConfigurationPlatforms) = preSolution
		Debug|Any CPU = Debug|Any CPU
		Release|Any CPU = Release|Any CPU
	EndGlobalSection
	GlobalSection(ProjectConfigurationPlatforms) = postSolution
		{6E3E3CE4-508A-40DF-844F-481A618563A7}.Debug|Any CPU.ActiveCfg = Debug|Any CPU
		{6E3E3CE4-508A-40DF-844F-481A618563A7}.Debug|Any CPU.Build.0 = Debug|Any CPU
		{6E3E3CE4-508A-40DF-844F-481A618563A7}.Release|Any CPU.ActiveCfg = Release|Any CPU
		{6E3E3CE4-508A-40DF-844F-481A618563A7}.Release|Any CPU.Build.0 = Release|Any CPU
	EndGlobalSection
	GlobalSection(SolutionProperties) = preSolution
		HideSolutionNode = FALSE
	EndGlobalSection
	GlobalSection(ExtensibilityGlobals) = postSolution
		SolutionGuid = {89766A47-C76E-402D-8FAD-15BC6B88F56F}
	EndGlobalSection
EndGlobal
